
Microsoft Visual Studio Solution File, Format Version 12.00
# Visual Studio Version 16
VisualStudioVersion = 16.0.31624.102
MinimumVisualStudioVersion = 10.0.40219.1
Project("{FAE04EC0-301F-11D3-BF4B-00C04F79EFBC}") = "Вкладки", "Вкладки\Вкладки.csproj", "{DEC70C81-A6B5-4399-94F0-5C7A15A3EF57}"
EndProject
Global
	GlobalSection(SolutionConfigurationPlatforms) = preSolution
		Debug|Any CPU = Debug|Any CPU
		Release|Any CPU = Release|Any CPU
	EndGlobalSection
	GlobalSection(ProjectConfigurationPlatforms) = postSolution
		{DEC70C81-A6B5-4399-94F0-5C7A15A3EF57}.Debug|Any CPU.ActiveCfg = Debug|Any CPU
		{DEC70C81-A6B5-4399-94F0-5C7A15A3EF57}.Debug|Any CPU.Build.0 = Debug|Any CPU
		{DEC70C81-A6B5-4399-94F0-5C7A15A3EF57}.Release|Any CPU.ActiveCfg = Release|Any CPU
		{DEC70C81-A6B5-4399-94F0-5C7A15A3EF57}.Release|Any CPU.Build.0 = Release|Any CPU
	EndGlobalSection
	GlobalSection(SolutionProperties) = preSolution
		HideSolutionNode = FALSE
	EndGlobalSection
	GlobalSection(ExtensibilityGlobals) = postSolution
		SolutionGuid = {D8DF6371-A573-43CC-B5D2-4F2577DE00FE}
	EndGlobalSection
EndGlobal
